// !$*UTF8*$!
{
	archiveVersion = 1;
	classes = {
	};
	objectVersion = 51;
	objects = {

/* Begin PBXBuildFile section */
		3B09546456AF6F3C36453A95 /* Pods_TumblrTests.framework in Frameworks */ = {isa = PBXBuildFile; fileRef = E2142D182AF4E960C048F5E6 /* Pods_TumblrTests.framework */; };
		84602267C59CE19FA2D42C2A /* Pods_Tumblr.framework in Frameworks */ = {isa = PBXBuildFile; fileRef = 0DCA5FC03F25EC864EEBCD39 /* Pods_Tumblr.framework */; };
		E1F875F07F06A4842FDC0C09 /* Pods_TumblrUITests.framework in Frameworks */ = {isa = PBXBuildFile; fileRef = 1BCCD7784559BC9541A75D7E /* Pods_TumblrUITests.framework */; };
		F93FDD2622C538A90082E8C5 /* PhotosViewController.m in Sources */ = {isa = PBXBuildFile; fileRef = F93FDD2522C538A90082E8C5 /* PhotosViewController.m */; };
		F93FDD2A22C53E570082E8C5 /* PhotoCell.m in Sources */ = {isa = PBXBuildFile; fileRef = F93FDD2922C53E570082E8C5 /* PhotoCell.m */; };
		F93FDD2D22C541FA0082E8C5 /* DetailViewController.m in Sources */ = {isa = PBXBuildFile; fileRef = F93FDD2C22C541FA0082E8C5 /* DetailViewController.m */; };
		F963680922C53491001E8198 /* AppDelegate.m in Sources */ = {isa = PBXBuildFile; fileRef = F963680822C53491001E8198 /* AppDelegate.m */; };
		F963680F22C53491001E8198 /* Main.storyboard in Resources */ = {isa = PBXBuildFile; fileRef = F963680D22C53491001E8198 /* Main.storyboard */; };
		F963681122C53491001E8198 /* Assets.xcassets in Resources */ = {isa = PBXBuildFile; fileRef = F963681022C53491001E8198 /* Assets.xcassets */; };
		F963681422C53491001E8198 /* LaunchScreen.storyboard in Resources */ = {isa = PBXBuildFile; fileRef = F963681222C53491001E8198 /* LaunchScreen.storyboard */; };
		F963681722C53491001E8198 /* main.m in Sources */ = {isa = PBXBuildFile; fileRef = F963681622C53491001E8198 /* main.m */; };
		F963682122C53491001E8198 /* TumblrTests.m in Sources */ = {isa = PBXBuildFile; fileRef = F963682022C53491001E8198 /* TumblrTests.m */; };
		F963682C22C53491001E8198 /* TumblrUITests.m in Sources */ = {isa = PBXBuildFile; fileRef = F963682B22C53491001E8198 /* TumblrUITests.m */; };
/* End PBXBuildFile section */

/* Begin PBXContainerItemProxy section */
		F963681D22C53491001E8198 /* PBXContainerItemProxy */ = {
			isa = PBXContainerItemProxy;
			containerPortal = F96367FC22C53491001E8198 /* Project object */;
			proxyType = 1;
			remoteGlobalIDString = F963680322C53491001E8198;
			remoteInfo = Tumblr;
		};
		F963682822C53491001E8198 /* PBXContainerItemProxy */ = {
			isa = PBXContainerItemProxy;
			containerPortal = F96367FC22C53491001E8198 /* Project object */;
			proxyType = 1;
			remoteGlobalIDString = F963680322C53491001E8198;
			remoteInfo = Tumblr;
		};
/* End PBXContainerItemProxy section */

/* Begin PBXFileReference section */
		0DCA5FC03F25EC864EEBCD39 /* Pods_Tumblr.framework */ = {isa = PBXFileReference; explicitFileType = wrapper.framework; includeInIndex = 0; path = Pods_Tumblr.framework; sourceTree = BUILT_PRODUCTS_DIR; };
		1BCCD7784559BC9541A75D7E /* Pods_TumblrUITests.framework */ = {isa = PBXFileReference; explicitFileType = wrapper.framework; includeInIndex = 0; path = Pods_TumblrUITests.framework; sourceTree = BUILT_PRODUCTS_DIR; };
		20745794BF25530A89BCDCD5 /* Pods-Tumblr.debug.xcconfig */ = {isa = PBXFileReference; includeInIndex = 1; lastKnownFileType = text.xcconfig; name = "Pods-Tumblr.debug.xcconfig"; path = "Target Support Files/Pods-Tumblr/Pods-Tumblr.debug.xcconfig"; sourceTree = "<group>"; };
		340B3205D5744D0F7D5036B8 /* Pods-TumblrTests.release.xcconfig */ = {isa = PBXFileReference; includeInIndex = 1; lastKnownFileType = text.xcconfig; name = "Pods-TumblrTests.release.xcconfig"; path = "Target Support Files/Pods-TumblrTests/Pods-TumblrTests.release.xcconfig"; sourceTree = "<group>"; };
		3786A0DB421378D68AE1DED2 /* Pods-TumblrUITests.release.xcconfig */ = {isa = PBXFileReference; includeInIndex = 1; lastKnownFileType = text.xcconfig; name = "Pods-TumblrUITests.release.xcconfig"; path = "Target Support Files/Pods-TumblrUITests/Pods-TumblrUITests.release.xcconfig"; sourceTree = "<group>"; };
		8E57782D726E0CE97CFF7669 /* Pods-TumblrUITests.debug.xcconfig */ = {isa = PBXFileReference; includeInIndex = 1; lastKnownFileType = text.xcconfig; name = "Pods-TumblrUITests.debug.xcconfig"; path = "Target Support Files/Pods-TumblrUITests/Pods-TumblrUITests.debug.xcconfig"; sourceTree = "<group>"; };
		A09C28528F67D2E05DD5DAB4 /* Pods-TumblrTests.debug.xcconfig */ = {isa = PBXFileReference; includeInIndex = 1; lastKnownFileType = text.xcconfig; name = "Pods-TumblrTests.debug.xcconfig"; path = "Target Support Files/Pods-TumblrTests/Pods-TumblrTests.debug.xcconfig"; sourceTree = "<group>"; };
		E2142D182AF4E960C048F5E6 /* Pods_TumblrTests.framework */ = {isa = PBXFileReference; explicitFileType = wrapper.framework; includeInIndex = 0; path = Pods_TumblrTests.framework; sourceTree = BUILT_PRODUCTS_DIR; };
		E862F7D1CCDF52C21F03F99F /* Pods-Tumblr.release.xcconfig */ = {isa = PBXFileReference; includeInIndex = 1; lastKnownFileType = text.xcconfig; name = "Pods-Tumblr.release.xcconfig"; path = "Target Support Files/Pods-Tumblr/Pods-Tumblr.release.xcconfig"; sourceTree = "<group>"; };
		F93FDD2422C538A90082E8C5 /* PhotosViewController.h */ = {isa = PBXFileReference; lastKnownFileType = sourcecode.c.h; path = PhotosViewController.h; sourceTree = "<group>"; };
		F93FDD2522C538A90082E8C5 /* PhotosViewController.m */ = {isa = PBXFileReference; lastKnownFileType = sourcecode.c.objc; path = PhotosViewController.m; sourceTree = "<group>"; };
		F93FDD2822C53E570082E8C5 /* PhotoCell.h */ = {isa = PBXFileReference; lastKnownFileType = sourcecode.c.h; path = PhotoCell.h; sourceTree = "<group>"; };
		F93FDD2922C53E570082E8C5 /* PhotoCell.m */ = {isa = PBXFileReference; lastKnownFileType = sourcecode.c.objc; path = PhotoCell.m; sourceTree = "<group>"; };
		F93FDD2B22C541FA0082E8C5 /* DetailViewController.h */ = {isa = PBXFileReference; lastKnownFileType = sourcecode.c.h; path = DetailViewController.h; sourceTree = "<group>"; };
		F93FDD2C22C541FA0082E8C5 /* DetailViewController.m */ = {isa = PBXFileReference; lastKnownFileType = sourcecode.c.objc; path = DetailViewController.m; sourceTree = "<group>"; };
		F963680422C53491001E8198 /* Tumblr.app */ = {isa = PBXFileReference; explicitFileType = wrapper.application; includeInIndex = 0; path = Tumblr.app; sourceTree = BUILT_PRODUCTS_DIR; };
		F963680722C53491001E8198 /* AppDelegate.h */ = {isa = PBXFileReference; lastKnownFileType = sourcecode.c.h; path = AppDelegate.h; sourceTree = "<group>"; };
		F963680822C53491001E8198 /* AppDelegate.m */ = {isa = PBXFileReference; lastKnownFileType = sourcecode.c.objc; path = AppDelegate.m; sourceTree = "<group>"; };
		F963680E22C53491001E8198 /* Base */ = {isa = PBXFileReference; lastKnownFileType = file.storyboard; name = Base; path = Base.lproj/Main.storyboard; sourceTree = "<group>"; };
		F963681022C53491001E8198 /* Assets.xcassets */ = {isa = PBXFileReference; lastKnownFileType = folder.assetcatalog; path = Assets.xcassets; sourceTree = "<group>"; };
		F963681322C53491001E8198 /* Base */ = {isa = PBXFileReference; lastKnownFileType = file.storyboard; name = Base; path = Base.lproj/LaunchScreen.storyboard; sourceTree = "<group>"; };
		F963681522C53491001E8198 /* Info.plist */ = {isa = PBXFileReference; lastKnownFileType = text.plist.xml; path = Info.plist; sourceTree = "<group>"; };
		F963681622C53491001E8198 /* main.m */ = {isa = PBXFileReference; lastKnownFileType = sourcecode.c.objc; path = main.m; sourceTree = "<group>"; };
		F963681C22C53491001E8198 /* TumblrTests.xctest */ = {isa = PBXFileReference; explicitFileType = wrapper.cfbundle; includeInIndex = 0; path = TumblrTests.xctest; sourceTree = BUILT_PRODUCTS_DIR; };
		F963682022C53491001E8198 /* TumblrTests.m */ = {isa = PBXFileReference; lastKnownFileType = sourcecode.c.objc; path = TumblrTests.m; sourceTree = "<group>"; };
		F963682222C53491001E8198 /* Info.plist */ = {isa = PBXFileReference; lastKnownFileType = text.plist.xml; path = Info.plist; sourceTree = "<group>"; };
		F963682722C53491001E8198 /* TumblrUITests.xctest */ = {isa = PBXFileReference; explicitFileType = wrapper.cfbundle; includeInIndex = 0; path = TumblrUITests.xctest; sourceTree = BUILT_PRODUCTS_DIR; };
		F963682B22C53491001E8198 /* TumblrUITests.m */ = {isa = PBXFileReference; lastKnownFileType = sourcecode.c.objc; path = TumblrUITests.m; sourceTree = "<group>"; };
		F963682D22C53491001E8198 /* Info.plist */ = {isa = PBXFileReference; lastKnownFileType = text.plist.xml; path = Info.plist; sourceTree = "<group>"; };
/* End PBXFileReference section */

/* Begin PBXFrameworksBuildPhase section */
		F963680122C53491001E8198 /* Frameworks */ = {
			isa = PBXFrameworksBuildPhase;
			buildActionMask = 2147483647;
			files = (
				84602267C59CE19FA2D42C2A /* Pods_Tumblr.framework in Frameworks */,
			);
			runOnlyForDeploymentPostprocessing = 0;
		};
		F963681922C53491001E8198 /* Frameworks */ = {
			isa = PBXFrameworksBuildPhase;
			buildActionMask = 2147483647;
			files = (
				3B09546456AF6F3C36453A95 /* Pods_TumblrTests.framework in Frameworks */,
			);
			runOnlyForDeploymentPostprocessing = 0;
		};
		F963682422C53491001E8198 /* Frameworks */ = {
			isa = PBXFrameworksBuildPhase;
			buildActionMask = 2147483647;
			files = (
				E1F875F07F06A4842FDC0C09 /* Pods_TumblrUITests.framework in Frameworks */,
			);
			runOnlyForDeploymentPostprocessing = 0;
		};
/* End PBXFrameworksBuildPhase section */

/* Begin PBXGroup section */
		309EF54E32FF0AAE71A26526 /* Pods */ = {
			isa = PBXGroup;
			children = (
				20745794BF25530A89BCDCD5 /* Pods-Tumblr.debug.xcconfig */,
				E862F7D1CCDF52C21F03F99F /* Pods-Tumblr.release.xcconfig */,
				A09C28528F67D2E05DD5DAB4 /* Pods-TumblrTests.debug.xcconfig */,
				340B3205D5744D0F7D5036B8 /* Pods-TumblrTests.release.xcconfig */,
				8E57782D726E0CE97CFF7669 /* Pods-TumblrUITests.debug.xcconfig */,
				3786A0DB421378D68AE1DED2 /* Pods-TumblrUITests.release.xcconfig */,
			);
			path = Pods;
			sourceTree = "<group>";
		};
		E123D26FEADAA29DAD8EF4C9 /* Frameworks */ = {
			isa = PBXGroup;
			children = (
				0DCA5FC03F25EC864EEBCD39 /* Pods_Tumblr.framework */,
				E2142D182AF4E960C048F5E6 /* Pods_TumblrTests.framework */,
				1BCCD7784559BC9541A75D7E /* Pods_TumblrUITests.framework */,
			);
			name = Frameworks;
			sourceTree = "<group>";
		};
		F93FDD2322C538880082E8C5 /* ViewControllers */ = {
			isa = PBXGroup;
			children = (
				F93FDD2422C538A90082E8C5 /* PhotosViewController.h */,
				F93FDD2522C538A90082E8C5 /* PhotosViewController.m */,
				F93FDD2B22C541FA0082E8C5 /* DetailViewController.h */,
				F93FDD2C22C541FA0082E8C5 /* DetailViewController.m */,
			);
			path = ViewControllers;
			sourceTree = "<group>";
		};
		F93FDD2722C53E200082E8C5 /* Views */ = {
			isa = PBXGroup;
			children = (
				F93FDD2822C53E570082E8C5 /* PhotoCell.h */,
				F93FDD2922C53E570082E8C5 /* PhotoCell.m */,
			);
			path = Views;
			sourceTree = "<group>";
		};
		F96367FB22C53491001E8198 = {
			isa = PBXGroup;
			children = (
				F963680622C53491001E8198 /* Tumblr */,
				F963681F22C53491001E8198 /* TumblrTests */,
				F963682A22C53491001E8198 /* TumblrUITests */,
				F963680522C53491001E8198 /* Products */,
				309EF54E32FF0AAE71A26526 /* Pods */,
				E123D26FEADAA29DAD8EF4C9 /* Frameworks */,
			);
			sourceTree = "<group>";
		};
		F963680522C53491001E8198 /* Products */ = {
			isa = PBXGroup;
			children = (
				F963680422C53491001E8198 /* Tumblr.app */,
				F963681C22C53491001E8198 /* TumblrTests.xctest */,
				F963682722C53491001E8198 /* TumblrUITests.xctest */,
			);
			name = Products;
			sourceTree = "<group>";
		};
		F963680622C53491001E8198 /* Tumblr */ = {
			isa = PBXGroup;
			children = (
				F93FDD2722C53E200082E8C5 /* Views */,
				F93FDD2322C538880082E8C5 /* ViewControllers */,
				F963680722C53491001E8198 /* AppDelegate.h */,
				F963680822C53491001E8198 /* AppDelegate.m */,
				F963680D22C53491001E8198 /* Main.storyboard */,
				F963681022C53491001E8198 /* Assets.xcassets */,
				F963681222C53491001E8198 /* LaunchScreen.storyboard */,
				F963681522C53491001E8198 /* Info.plist */,
				F963681622C53491001E8198 /* main.m */,
			);
			path = Tumblr;
			sourceTree = "<group>";
		};
		F963681F22C53491001E8198 /* TumblrTests */ = {
			isa = PBXGroup;
			children = (
				F963682022C53491001E8198 /* TumblrTests.m */,
				F963682222C53491001E8198 /* Info.plist */,
			);
			path = TumblrTests;
			sourceTree = "<group>";
		};
		F963682A22C53491001E8198 /* TumblrUITests */ = {
			isa = PBXGroup;
			children = (
				F963682B22C53491001E8198 /* TumblrUITests.m */,
				F963682D22C53491001E8198 /* Info.plist */,
			);
			path = TumblrUITests;
			sourceTree = "<group>";
		};
/* End PBXGroup section */

/* Begin PBXNativeTarget section */
		F963680322C53491001E8198 /* Tumblr */ = {
			isa = PBXNativeTarget;
			buildConfigurationList = F963683022C53491001E8198 /* Build configuration list for PBXNativeTarget "Tumblr" */;
			buildPhases = (
				01840546FC41399AFAC3BA20 /* [CP] Check Pods Manifest.lock */,
				F963680022C53491001E8198 /* Sources */,
				F963680122C53491001E8198 /* Frameworks */,
				F963680222C53491001E8198 /* Resources */,
				4D343A942452CB250398130A /* [CP] Embed Pods Frameworks */,
			);
			buildRules = (
			);
			dependencies = (
			);
			name = Tumblr;
			productName = Tumblr;
			productReference = F963680422C53491001E8198 /* Tumblr.app */;
			productType = "com.apple.product-type.application";
		};
		F963681B22C53491001E8198 /* TumblrTests */ = {
			isa = PBXNativeTarget;
			buildConfigurationList = F963683322C53491001E8198 /* Build configuration list for PBXNativeTarget "TumblrTests" */;
			buildPhases = (
				5F67E6D3144C77ECAB098306 /* [CP] Check Pods Manifest.lock */,
				F963681822C53491001E8198 /* Sources */,
				F963681922C53491001E8198 /* Frameworks */,
				F963681A22C53491001E8198 /* Resources */,
			);
			buildRules = (
			);
			dependencies = (
				F963681E22C53491001E8198 /* PBXTargetDependency */,
			);
			name = TumblrTests;
			productName = TumblrTests;
			productReference = F963681C22C53491001E8198 /* TumblrTests.xctest */;
			productType = "com.apple.product-type.bundle.unit-test";
		};
		F963682622C53491001E8198 /* TumblrUITests */ = {
			isa = PBXNativeTarget;
			buildConfigurationList = F963683622C53491001E8198 /* Build configuration list for PBXNativeTarget "TumblrUITests" */;
			buildPhases = (
				96AC3AF56856DC6457A28E9E /* [CP] Check Pods Manifest.lock */,
				F963682322C53491001E8198 /* Sources */,
				F963682422C53491001E8198 /* Frameworks */,
				F963682522C53491001E8198 /* Resources */,
			);
			buildRules = (
			);
			dependencies = (
				F963682922C53491001E8198 /* PBXTargetDependency */,
			);
			name = TumblrUITests;
			productName = TumblrUITests;
			productReference = F963682722C53491001E8198 /* TumblrUITests.xctest */;
			productType = "com.apple.product-type.bundle.ui-testing";
		};
/* End PBXNativeTarget section */

/* Begin PBXProject section */
		F96367FC22C53491001E8198 /* Project object */ = {
			isa = PBXProject;
			attributes = {
				LastUpgradeCheck = 1020;
				ORGANIZATIONNAME = kchan23;
				TargetAttributes = {
					F963680322C53491001E8198 = {
						CreatedOnToolsVersion = 10.2.1;
					};
					F963681B22C53491001E8198 = {
						CreatedOnToolsVersion = 10.2.1;
						TestTargetID = F963680322C53491001E8198;
					};
					F963682622C53491001E8198 = {
						CreatedOnToolsVersion = 10.2.1;
						TestTargetID = F963680322C53491001E8198;
					};
				};
			};
			buildConfigurationList = F96367FF22C53491001E8198 /* Build configuration list for PBXProject "Tumblr" */;
			compatibilityVersion = "Xcode 9.3";
			developmentRegion = en;
			hasScannedForEncodings = 0;
			knownRegions = (
				en,
				Base,
			);
			mainGroup = F96367FB22C53491001E8198;
			productRefGroup = F963680522C53491001E8198 /* Products */;
			projectDirPath = "";
			projectRoot = "";
			targets = (
				F963680322C53491001E8198 /* Tumblr */,
				F963681B22C53491001E8198 /* TumblrTests */,
				F963682622C53491001E8198 /* TumblrUITests */,
			);
		};
/* End PBXProject section */

/* Begin PBXResourcesBuildPhase section */
		F963680222C53491001E8198 /* Resources */ = {
			isa = PBXResourcesBuildPhase;
			buildActionMask = 2147483647;
			files = (
				F963681422C53491001E8198 /* LaunchScreen.storyboard in Resources */,
				F963681122C53491001E8198 /* Assets.xcassets in Resources */,
				F963680F22C53491001E8198 /* Main.storyboard in Resources */,
			);
			runOnlyForDeploymentPostprocessing = 0;
		};
		F963681A22C53491001E8198 /* Resources */ = {
			isa = PBXResourcesBuildPhase;
			buildActionMask = 2147483647;
			files = (
			);
			runOnlyForDeploymentPostprocessing = 0;
		};
		F963682522C53491001E8198 /* Resources */ = {
			isa = PBXResourcesBuildPhase;
			buildActionMask = 2147483647;
			files = (
			);
			runOnlyForDeploymentPostprocessing = 0;
		};
/* End PBXResourcesBuildPhase section */

/* Begin PBXShellScriptBuildPhase section */
		01840546FC41399AFAC3BA20 /* [CP] Check Pods Manifest.lock */ = {
			isa = PBXShellScriptBuildPhase;
			buildActionMask = 2147483647;
			files = (
			);
			inputFileListPaths = (
			);
			inputPaths = (
				"${PODS_PODFILE_DIR_PATH}/Podfile.lock",
				"${PODS_ROOT}/Manifest.lock",
			);
			name = "[CP] Check Pods Manifest.lock";
			outputFileListPaths = (
			);
			outputPaths = (
				"$(DERIVED_FILE_DIR)/Pods-Tumblr-checkManifestLockResult.txt",
			);
			runOnlyForDeploymentPostprocessing = 0;
			shellPath = /bin/sh;
			shellScript = "diff \"${PODS_PODFILE_DIR_PATH}/Podfile.lock\" \"${PODS_ROOT}/Manifest.lock\" > /dev/null\nif [ $? != 0 ] ; then\n    # print error to STDERR\n    echo \"error: The sandbox is not in sync with the Podfile.lock. Run 'pod install' or update your CocoaPods installation.\" >&2\n    exit 1\nfi\n# This output is used by Xcode 'outputs' to avoid re-running this script phase.\necho \"SUCCESS\" > \"${SCRIPT_OUTPUT_FILE_0}\"\n";
			showEnvVarsInLog = 0;
		};
		4D343A942452CB250398130A /* [CP] Embed Pods Frameworks */ = {
			isa = PBXShellScriptBuildPhase;
			buildActionMask = 2147483647;
			files = (
			);
			inputFileListPaths = (
				"${PODS_ROOT}/Target Support Files/Pods-Tumblr/Pods-Tumblr-frameworks-${CONFIGURATION}-input-files.xcfilelist",
			);
			name = "[CP] Embed Pods Frameworks";
			outputFileListPaths = (
				"${PODS_ROOT}/Target Support Files/Pods-Tumblr/Pods-Tumblr-frameworks-${CONFIGURATION}-output-files.xcfilelist",
			);
			runOnlyForDeploymentPostprocessing = 0;
			shellPath = /bin/sh;
			shellScript = "\"${PODS_ROOT}/Target Support Files/Pods-Tumblr/Pods-Tumblr-frameworks.sh\"\n";
			showEnvVarsInLog = 0;
		};
		5F67E6D3144C77ECAB098306 /* [CP] Check Pods Manifest.lock */ = {
			isa = PBXShellScriptBuildPhase;
			buildActionMask = 2147483647;
			files = (
			);
			inputFileListPaths = (
			);
			inputPaths = (
				"${PODS_PODFILE_DIR_PATH}/Podfile.lock",
				"${PODS_ROOT}/Manifest.lock",
			);
			name = "[CP] Check Pods Manifest.lock";
			outputFileListPaths = (
			);
			outputPaths = (
				"$(DERIVED_FILE_DIR)/Pods-TumblrTests-checkManifestLockResult.txt",
			);
			runOnlyForDeploymentPostprocessing = 0;
			shellPath = /bin/sh;
			shellScript = "diff \"${PODS_PODFILE_DIR_PATH}/Podfile.lock\" \"${PODS_ROOT}/Manifest.lock\" > /dev/null\nif [ $? != 0 ] ; then\n    # print error to STDERR\n    echo \"error: The sandbox is not in sync with the Podfile.lock. Run 'pod install' or update your CocoaPods installation.\" >&2\n    exit 1\nfi\n# This output is used by Xcode 'outputs' to avoid re-running this script phase.\necho \"SUCCESS\" > \"${SCRIPT_OUTPUT_FILE_0}\"\n";
			showEnvVarsInLog = 0;
		};
		96AC3AF56856DC6457A28E9E /* [CP] Check Pods Manifest.lock */ = {
			isa = PBXShellScriptBuildPhase;
			buildActionMask = 2147483647;
			files = (
			);
			inputFileListPaths = (
			);
			inputPaths = (
				"${PODS_PODFILE_DIR_PATH}/Podfile.lock",
				"${PODS_ROOT}/Manifest.lock",
			);
			name = "[CP] Check Pods Manifest.lock";
			outputFileListPaths = (
			);
			outputPaths = (
				"$(DERIVED_FILE_DIR)/Pods-TumblrUITests-checkManifestLockResult.txt",
			);
			runOnlyForDeploymentPostprocessing = 0;
			shellPath = /bin/sh;
			shellScript = "diff \"${PODS_PODFILE_DIR_PATH}/Podfile.lock\" \"${PODS_ROOT}/Manifest.lock\" > /dev/null\nif [ $? != 0 ] ; then\n    # print error to STDERR\n    echo \"error: The sandbox is not in sync with the Podfile.lock. Run 'pod install' or update your CocoaPods installation.\" >&2\n    exit 1\nfi\n# This output is used by Xcode 'outputs' to avoid re-running this script phase.\necho \"SUCCESS\" > \"${SCRIPT_OUTPUT_FILE_0}\"\n";
			showEnvVarsInLog = 0;
		};
/* End PBXShellScriptBuildPhase section */

/* Begin PBXSourcesBuildPhase section */
		F963680022C53491001E8198 /* Sources */ = {
			isa = PBXSourcesBuildPhase;
			buildActionMask = 2147483647;
			files = (
				F93FDD2D22C541FA0082E8C5 /* DetailViewController.m in Sources */,
				F93FDD2A22C53E570082E8C5 /* PhotoCell.m in Sources */,
				F963681722C53491001E8198 /* main.m in Sources */,
				F93FDD2622C538A90082E8C5 /* PhotosViewController.m in Sources */,
				F963680922C53491001E8198 /* AppDelegate.m in Sources */,
			);
			runOnlyForDeploymentPostprocessing = 0;
		};
		F963681822C53491001E8198 /* Sources */ = {
			isa = PBXSourcesBuildPhase;
			buildActionMask = 2147483647;
			files = (
				F963682122C53491001E8198 /* TumblrTests.m in Sources */,
			);
			runOnlyForDeploymentPostprocessing = 0;
		};
		F963682322C53491001E8198 /* Sources */ = {
			isa = PBXSourcesBuildPhase;
			buildActionMask = 2147483647;
			files = (
				F963682C22C53491001E8198 /* TumblrUITests.m in Sources */,
			);
			runOnlyForDeploymentPostprocessing = 0;
		};
/* End PBXSourcesBuildPhase section */

/* Begin PBXTargetDependency section */
		F963681E22C53491001E8198 /* PBXTargetDependency */ = {
			isa = PBXTargetDependency;
			target = F963680322C53491001E8198 /* Tumblr */;
			targetProxy = F963681D22C53491001E8198 /* PBXContainerItemProxy */;
		};
		F963682922C53491001E8198 /* PBXTargetDependency */ = {
			isa = PBXTargetDependency;
			target = F963680322C53491001E8198 /* Tumblr */;
			targetProxy = F963682822C53491001E8198 /* PBXContainerItemProxy */;
		};
/* End PBXTargetDependency section */

/* Begin PBXVariantGroup section */
		F963680D22C53491001E8198 /* Main.storyboard */ = {
			isa = PBXVariantGroup;
			children = (
				F963680E22C53491001E8198 /* Base */,
			);
			name = Main.storyboard;
			sourceTree = "<group>";
		};
		F963681222C53491001E8198 /* LaunchScreen.storyboard */ = {
			isa = PBXVariantGroup;
			children = (
				F963681322C53491001E8198 /* Base */,
			);
			name = LaunchScreen.storyboard;
			sourceTree = "<group>";
		};
/* End PBXVariantGroup section */

/* Begin XCBuildConfiguration section */
		F963682E22C53491001E8198 /* Debug */ = {
			isa = XCBuildConfiguration;
			buildSettings = {
				ALWAYS_SEARCH_USER_PATHS = NO;
				CLANG_ANALYZER_NONNULL = YES;
				CLANG_ANALYZER_NUMBER_OBJECT_CONVERSION = YES_AGGRESSIVE;
				CLANG_CXX_LANGUAGE_STANDARD = "gnu++14";
				CLANG_CXX_LIBRARY = "libc++";
				CLANG_ENABLE_MODULES = YES;
				CLANG_ENABLE_OBJC_ARC = YES;
				CLANG_ENABLE_OBJC_WEAK = YES;
				CLANG_WARN_BLOCK_CAPTURE_AUTORELEASING = YES;
				CLANG_WARN_BOOL_CONVERSION = YES;
				CLANG_WARN_COMMA = YES;
				CLANG_WARN_CONSTANT_CONVERSION = YES;
				CLANG_WARN_DEPRECATED_OBJC_IMPLEMENTATIONS = YES;
				CLANG_WARN_DIRECT_OBJC_ISA_USAGE = YES_ERROR;
				CLANG_WARN_DOCUMENTATION_COMMENTS = YES;
				CLANG_WARN_EMPTY_BODY = YES;
				CLANG_WARN_ENUM_CONVERSION = YES;
				CLANG_WARN_INFINITE_RECURSION = YES;
				CLANG_WARN_INT_CONVERSION = YES;
				CLANG_WARN_NON_LITERAL_NULL_CONVERSION = YES;
				CLANG_WARN_OBJC_IMPLICIT_RETAIN_SELF = YES;
				CLANG_WARN_OBJC_LITERAL_CONVERSION = YES;
				CLANG_WARN_OBJC_ROOT_CLASS = YES_ERROR;
				CLANG_WARN_RANGE_LOOP_ANALYSIS = YES;
				CLANG_WARN_STRICT_PROTOTYPES = YES;
				CLANG_WARN_SUSPICIOUS_MOVE = YES;
				CLANG_WARN_UNGUARDED_AVAILABILITY = YES_AGGRESSIVE;
				CLANG_WARN_UNREACHABLE_CODE = YES;
				CLANG_WARN__DUPLICATE_METHOD_MATCH = YES;
				CODE_SIGN_IDENTITY = "iPhone Developer";
				COPY_PHASE_STRIP = NO;
				DEBUG_INFORMATION_FORMAT = dwarf;
				ENABLE_STRICT_OBJC_MSGSEND = YES;
				ENABLE_TESTABILITY = YES;
				GCC_C_LANGUAGE_STANDARD = gnu11;
				GCC_DYNAMIC_NO_PIC = NO;
				GCC_NO_COMMON_BLOCKS = YES;
				GCC_OPTIMIZATION_LEVEL = 0;
				GCC_PREPROCESSOR_DEFINITIONS = (
					"DEBUG=1",
					"$(inherited)",
				);
				GCC_WARN_64_TO_32_BIT_CONVERSION = YES;
				GCC_WARN_ABOUT_RETURN_TYPE = YES_ERROR;
				GCC_WARN_UNDECLARED_SELECTOR = YES;
				GCC_WARN_UNINITIALIZED_AUTOS = YES_AGGRESSIVE;
				GCC_WARN_UNUSED_FUNCTION = YES;
				GCC_WARN_UNUSED_VARIABLE = YES;
				IPHONEOS_DEPLOYMENT_TARGET = 12.2;
				MTL_ENABLE_DEBUG_INFO = INCLUDE_SOURCE;
				MTL_FAST_MATH = YES;
				ONLY_ACTIVE_ARCH = YES;
				SDKROOT = iphoneos;
			};
			name = Debug;
		};
		F963682F22C53491001E8198 /* Release */ = {
			isa = XCBuildConfiguration;
			buildSettings = {
				ALWAYS_SEARCH_USER_PATHS = NO;
				CLANG_ANALYZER_NONNULL = YES;
				CLANG_ANALYZER_NUMBER_OBJECT_CONVERSION = YES_AGGRESSIVE;
				CLANG_CXX_LANGUAGE_STANDARD = "gnu++14";
				CLANG_CXX_LIBRARY = "libc++";
				CLANG_ENABLE_MODULES = YES;
				CLANG_ENABLE_OBJC_ARC = YES;
				CLANG_ENABLE_OBJC_WEAK = YES;
				CLANG_WARN_BLOCK_CAPTURE_AUTORELEASING = YES;
				CLANG_WARN_BOOL_CONVERSION = YES;
				CLANG_WARN_COMMA = YES;
				CLANG_WARN_CONSTANT_CONVERSION = YES;
				CLANG_WARN_DEPRECATED_OBJC_IMPLEMENTATIONS = YES;
				CLANG_WARN_DIRECT_OBJC_ISA_USAGE = YES_ERROR;
				CLANG_WARN_DOCUMENTATION_COMMENTS = YES;
				CLANG_WARN_EMPTY_BODY = YES;
				CLANG_WARN_ENUM_CONVERSION = YES;
				CLANG_WARN_INFINITE_RECURSION = YES;
				CLANG_WARN_INT_CONVERSION = YES;
				CLANG_WARN_NON_LITERAL_NULL_CONVERSION = YES;
				CLANG_WARN_OBJC_IMPLICIT_RETAIN_SELF = YES;
				CLANG_WARN_OBJC_LITERAL_CONVERSION = YES;
				CLANG_WARN_OBJC_ROOT_CLASS = YES_ERROR;
				CLANG_WARN_RANGE_LOOP_ANALYSIS = YES;
				CLANG_WARN_STRICT_PROTOTYPES = YES;
				CLANG_WARN_SUSPICIOUS_MOVE = YES;
				CLANG_WARN_UNGUARDED_AVAILABILITY = YES_AGGRESSIVE;
				CLANG_WARN_UNREACHABLE_CODE = YES;
				CLANG_WARN__DUPLICATE_METHOD_MATCH = YES;
				CODE_SIGN_IDENTITY = "iPhone Developer";
				COPY_PHASE_STRIP = NO;
				DEBUG_INFORMATION_FORMAT = "dwarf-with-dsym";
				ENABLE_NS_ASSERTIONS = NO;
				ENABLE_STRICT_OBJC_MSGSEND = YES;
				GCC_C_LANGUAGE_STANDARD = gnu11;
				GCC_NO_COMMON_BLOCKS = YES;
				GCC_WARN_64_TO_32_BIT_CONVERSION = YES;
				GCC_WARN_ABOUT_RETURN_TYPE = YES_ERROR;
				GCC_WARN_UNDECLARED_SELECTOR = YES;
				GCC_WARN_UNINITIALIZED_AUTOS = YES_AGGRESSIVE;
				GCC_WARN_UNUSED_FUNCTION = YES;
				GCC_WARN_UNUSED_VARIABLE = YES;
				IPHONEOS_DEPLOYMENT_TARGET = 12.2;
				MTL_ENABLE_DEBUG_INFO = NO;
				MTL_FAST_MATH = YES;
				SDKROOT = iphoneos;
				VALIDATE_PRODUCT = YES;
			};
			name = Release;
		};
		F963683122C53491001E8198 /* Debug */ = {
			isa = XCBuildConfiguration;
			baseConfigurationReference = 20745794BF25530A89BCDCD5 /* Pods-Tumblr.debug.xcconfig */;
			buildSettings = {
				ASSETCATALOG_COMPILER_APPICON_NAME = AppIcon;
				CODE_SIGN_STYLE = Automatic;
				DEVELOPMENT_TEAM = 4XDFC548L2;
				INFOPLIST_FILE = Tumblr/Info.plist;
				LD_RUNPATH_SEARCH_PATHS = (
					"$(inherited)",
					"@executable_path/Frameworks",
				);
				PRODUCT_BUNDLE_IDENTIFIER = com.katelin.chan.Tumblr;
				PRODUCT_NAME = "$(TARGET_NAME)";
				TARGETED_DEVICE_FAMILY = "1,2";
			};
			name = Debug;
		};
		F963683222C53491001E8198 /* Release */ = {
			isa = XCBuildConfiguration;
			baseConfigurationReference = E862F7D1CCDF52C21F03F99F /* Pods-Tumblr.release.xcconfig */;
			buildSettings = {
				ASSETCATALOG_COMPILER_APPICON_NAME = AppIcon;
				CODE_SIGN_STYLE = Automatic;
				DEVELOPMENT_TEAM = 4XDFC548L2;
				INFOPLIST_FILE = Tumblr/Info.plist;
				LD_RUNPATH_SEARCH_PATHS = (
					"$(inherited)",
					"@executable_path/Frameworks",
				);
				PRODUCT_BUNDLE_IDENTIFIER = com.katelin.chan.Tumblr;
				PRODUCT_NAME = "$(TARGET_NAME)";
				TARGETED_DEVICE_FAMILY = "1,2";
			};
			name = Release;
		};
		F963683422C53491001E8198 /* Debug */ = {
			isa = XCBuildConfiguration;
			baseConfigurationReference = A09C28528F67D2E05DD5DAB4 /* Pods-TumblrTests.debug.xcconfig */;
			buildSettings = {
				BUNDLE_LOADER = "$(TEST_HOST)";
				CODE_SIGN_STYLE = Automatic;
				DEVELOPMENT_TEAM = 4XDFC548L2;
				INFOPLIST_FILE = TumblrTests/Info.plist;
				LD_RUNPATH_SEARCH_PATHS = (
					"$(inherited)",
					"@executable_path/Frameworks",
					"@loader_path/Frameworks",
				);
				PRODUCT_BUNDLE_IDENTIFIER = com.katelin.chan.TumblrTests;
				PRODUCT_NAME = "$(TARGET_NAME)";
				TARGETED_DEVICE_FAMILY = "1,2";
				TEST_HOST = "$(BUILT_PRODUCTS_DIR)/Tumblr.app/Tumblr";
			};
			name = Debug;
		};
		F963683522C53491001E8198 /* Release */ = {
			isa = XCBuildConfiguration;
			baseConfigurationReference = 340B3205D5744D0F7D5036B8 /* Pods-TumblrTests.release.xcconfig */;
			buildSettings = {
				BUNDLE_LOADER = "$(TEST_HOST)";
				CODE_SIGN_STYLE = Automatic;
				DEVELOPMENT_TEAM = 4XDFC548L2;
				INFOPLIST_FILE = TumblrTests/Info.plist;
				LD_RUNPATH_SEARCH_PATHS = (
					"$(inherited)",
					"@executable_path/Frameworks",
					"@loader_path/Frameworks",
				);
				PRODUCT_BUNDLE_IDENTIFIER = com.katelin.chan.TumblrTests;
				PRODUCT_NAME = "$(TARGET_NAME)";
				TARGETED_DEVICE_FAMILY = "1,2";
				TEST_HOST = "$(BUILT_PRODUCTS_DIR)/Tumblr.app/Tumblr";
			};
			name = Release;
		};
		F963683722C53491001E8198 /* Debug */ = {
			isa = XCBuildConfiguration;
			baseConfigurationReference = 8E57782D726E0CE97CFF7669 /* Pods-TumblrUITests.debug.xcconfig */;
			buildSettings = {
				CODE_SIGN_STYLE = Automatic;
				DEVELOPMENT_TEAM = 4XDFC548L2;
				INFOPLIST_FILE = TumblrUITests/Info.plist;
				LD_RUNPATH_SEARCH_PATHS = (
					"$(inherited)",
					"@executable_path/Frameworks",
					"@loader_path/Frameworks",
				);
				PRODUCT_BUNDLE_IDENTIFIER = com.katelin.chan.TumblrUITests;
				PRODUCT_NAME = "$(TARGET_NAME)";
				TARGETED_DEVICE_FAMILY = "1,2";
				TEST_TARGET_NAME = Tumblr;
			};
			name = Debug;
		};
		F963683822C53491001E8198 /* Release */ = {
			isa = XCBuildConfiguration;
			baseConfigurationReference = 3786A0DB421378D68AE1DED2 /* Pods-TumblrUITests.release.xcconfig */;
			buildSettings = {
				CODE_SIGN_STYLE = Automatic;
				DEVELOPMENT_TEAM = 4XDFC548L2;
				INFOPLIST_FILE = TumblrUITests/Info.plist;
				LD_RUNPATH_SEARCH_PATHS = (
					"$(inherited)",
					"@executable_path/Frameworks",
					"@loader_path/Frameworks",
				);
				PRODUCT_BUNDLE_IDENTIFIER = com.katelin.chan.TumblrUITests;
				PRODUCT_NAME = "$(TARGET_NAME)";
				TARGETED_DEVICE_FAMILY = "1,2";
				TEST_TARGET_NAME = Tumblr;
			};
			name = Release;
		};
/* End XCBuildConfiguration section */

/* Begin XCConfigurationList section */
		F96367FF22C53491001E8198 /* Build configuration list for PBXProject "Tumblr" */ = {
			isa = XCConfigurationList;
			buildConfigurations = (
				F963682E22C53491001E8198 /* Debug */,
				F963682F22C53491001E8198 /* Release */,
			);
			defaultConfigurationIsVisible = 0;
			defaultConfigurationName = Release;
		};
		F963683022C53491001E8198 /* Build configuration list for PBXNativeTarget "Tumblr" */ = {
			isa = XCConfigurationList;
			buildConfigurations = (
				F963683122C53491001E8198 /* Debug */,
				F963683222C53491001E8198 /* Release */,
			);
			defaultConfigurationIsVisible = 0;
			defaultConfigurationName = Release;
		};
		F963683322C53491001E8198 /* Build configuration list for PBXNativeTarget "TumblrTests" */ = {
			isa = XCConfigurationList;
			buildConfigurations = (
				F963683422C53491001E8198 /* Debug */,
				F963683522C53491001E8198 /* Release */,
			);
			defaultConfigurationIsVisible = 0;
			defaultConfigurationName = Release;
		};
		F963683622C53491001E8198 /* Build configuration list for PBXNativeTarget "TumblrUITests" */ = {
			isa = XCConfigurationList;
			buildConfigurations = (
				F963683722C53491001E8198 /* Debug */,
				F963683822C53491001E8198 /* Release */,
			);
			defaultConfigurationIsVisible = 0;
			defaultConfigurationName = Release;
		};
/* End XCConfigurationList section */
	};
	rootObject = F96367FC22C53491001E8198 /* Project object */;
}
